// !$*UTF8*$!
{
	archiveVersion = 1;
	classes = {
	};
	objectVersion = 55;
	objects = {

/* Begin PBXBuildFile section */
		1C0162302C5B04FC00327ABB /* UIColorMarshalling.swift in Sources */ = {isa = PBXBuildFile; fileRef = 1C01622F2C5B04FC00327ABB /* UIColorMarshalling.swift */; };
		1C0162322C5B0A2400327ABB /* ExtensionForArray.swift in Sources */ = {isa = PBXBuildFile; fileRef = 1C0162312C5B0A2400327ABB /* ExtensionForArray.swift */; };
		1C0162342C5B0C3A00327ABB /* ExtensionForString.swift in Sources */ = {isa = PBXBuildFile; fileRef = 1C0162332C5B0C3A00327ABB /* ExtensionForString.swift */; };
		1C0FFFCC2C57F53200D62ACE /* CoreDataManager.swift in Sources */ = {isa = PBXBuildFile; fileRef = 1C0FFFCB2C57F53200D62ACE /* CoreDataManager.swift */; };
		1C1621F42C59440E006590FC /* TrackerStore.swift in Sources */ = {isa = PBXBuildFile; fileRef = 1C1621F32C59440E006590FC /* TrackerStore.swift */; };
		1C1621F62C594422006590FC /* TrackerCategoryStore.swift in Sources */ = {isa = PBXBuildFile; fileRef = 1C1621F52C594422006590FC /* TrackerCategoryStore.swift */; };
		1C1621F82C59442D006590FC /* TrackerRecordStore.swift in Sources */ = {isa = PBXBuildFile; fileRef = 1C1621F72C59442D006590FC /* TrackerRecordStore.swift */; };
		1C1C58F52C516E7100C4321F /* HabitAndEventViewController.swift in Sources */ = {isa = PBXBuildFile; fileRef = 1C1C58F42C516E7100C4321F /* HabitAndEventViewController.swift */; };
		1C1C58F72C516F3C00C4321F /* TrackerTypeSelectedViewController.swift in Sources */ = {isa = PBXBuildFile; fileRef = 1C1C58F62C516F3C00C4321F /* TrackerTypeSelectedViewController.swift */; };
		1C1E29BB2C3BE4BB006FB28C /* Tracker.swift in Sources */ = {isa = PBXBuildFile; fileRef = 1C1E29BA2C3BE4BB006FB28C /* Tracker.swift */; };
		1C1E29BD2C3BE4EC006FB28C /* TrackerCategory.swift in Sources */ = {isa = PBXBuildFile; fileRef = 1C1E29BC2C3BE4EC006FB28C /* TrackerCategory.swift */; };
		1C1E29BF2C3C58A0006FB28C /* TrackerRecord.swift in Sources */ = {isa = PBXBuildFile; fileRef = 1C1E29BE2C3C58A0006FB28C /* TrackerRecord.swift */; };
		1C33E26B2C6518F400C6F6C2 /* TrackerCoreData.xcdatamodel in Sources */ = {isa = PBXBuildFile; fileRef = 1C33E26A2C6518F400C6F6C2 /* TrackerCoreData.xcdatamodel */; };
		1C4D46BB2C7531CF00905C81 /* Localizable.strings in Resources */ = {isa = PBXBuildFile; fileRef = 1C4D46B92C7531CF00905C81 /* Localizable.strings */; };
		1C4D46C02C75323C00905C81 /* Localizable.stringsdict in Resources */ = {isa = PBXBuildFile; fileRef = 1C4D46BE2C75323C00905C81 /* Localizable.stringsdict */; };
		1C4FE9C72C74B73D0069E7B2 /* OnboardingPage.swift in Sources */ = {isa = PBXBuildFile; fileRef = 1C4FE9C62C74B73D0069E7B2 /* OnboardingPage.swift */; };
		1C4FE9C92C74BFA70069E7B2 /* FlagsAndSettings.swift in Sources */ = {isa = PBXBuildFile; fileRef = 1C4FE9C82C74BFA70069E7B2 /* FlagsAndSettings.swift */; };
		1C540DD62C527CBF005B3A83 /* HabitAndEventCollectionViewCell.swift in Sources */ = {isa = PBXBuildFile; fileRef = 1C540DD52C527CBE005B3A83 /* HabitAndEventCollectionViewCell.swift */; };
		1C5592A62C4D9A3700B1C035 /* CategoryViewController.swift in Sources */ = {isa = PBXBuildFile; fileRef = 1C5592A52C4D9A3700B1C035 /* CategoryViewController.swift */; };
		1C5592AB2C4DA4F600B1C035 /* CreateCategoryViewController.swift in Sources */ = {isa = PBXBuildFile; fileRef = 1C5592AA2C4DA4F600B1C035 /* CreateCategoryViewController.swift */; };
		1C5592AD2C4DA67500B1C035 /* CategoryTableViewCell.swift in Sources */ = {isa = PBXBuildFile; fileRef = 1C5592AC2C4DA67500B1C035 /* CategoryTableViewCell.swift */; };
		1C5592AF2C4DE52D00B1C035 /* WeekdaysViewController.swift in Sources */ = {isa = PBXBuildFile; fileRef = 1C5592AE2C4DE52D00B1C035 /* WeekdaysViewController.swift */; };
		1C5592B12C4DE64A00B1C035 /* WeekdaysTableViewCell.swift in Sources */ = {isa = PBXBuildFile; fileRef = 1C5592B02C4DE64A00B1C035 /* WeekdaysTableViewCell.swift */; };
		1C5592B72C4EE76000B1C035 /* HabitAndEventTableViewСеll.swift in Sources */ = {isa = PBXBuildFile; fileRef = 1C5592B62C4EE76000B1C035 /* HabitAndEventTableViewСеll.swift */; };
		1C5B65D32C347CC5002B4541 /* AppDelegate.swift in Sources */ = {isa = PBXBuildFile; fileRef = 1C5B65D22C347CC5002B4541 /* AppDelegate.swift */; };
		1C5B65D52C347CC5002B4541 /* SceneDelegate.swift in Sources */ = {isa = PBXBuildFile; fileRef = 1C5B65D42C347CC5002B4541 /* SceneDelegate.swift */; };
		1C5B65D72C347CC5002B4541 /* TrackerViewController.swift in Sources */ = {isa = PBXBuildFile; fileRef = 1C5B65D62C347CC5002B4541 /* TrackerViewController.swift */; };
		1C5B65DC2C347CC7002B4541 /* Assets.xcassets in Resources */ = {isa = PBXBuildFile; fileRef = 1C5B65DB2C347CC7002B4541 /* Assets.xcassets */; };
		1C5B65DF2C347CC7002B4541 /* Base in Resources */ = {isa = PBXBuildFile; fileRef = 1C5B65DE2C347CC7002B4541 /* Base */; };
		1C5B65E72C359B58002B4541 /* TabBarViewController.swift in Sources */ = {isa = PBXBuildFile; fileRef = 1C5B65E62C359B58002B4541 /* TabBarViewController.swift */; };
		1C5B65E92C35AF7F002B4541 /* StatisticViewController.swift in Sources */ = {isa = PBXBuildFile; fileRef = 1C5B65E82C35AF7F002B4541 /* StatisticViewController.swift */; };
		1C9DF7A32C6CB81A007DC4A4 /* OnboardingViewController.swift in Sources */ = {isa = PBXBuildFile; fileRef = 1C9DF7A22C6CB81A007DC4A4 /* OnboardingViewController.swift */; };
		1C9DF7A52C6CD12E007DC4A4 /* ViewControllerForOnboarding.swift in Sources */ = {isa = PBXBuildFile; fileRef = 1C9DF7A42C6CD12E007DC4A4 /* ViewControllerForOnboarding.swift */; };
		1C9DF7A82C6CE49B007DC4A4 /* ExtensionForVC.swift in Sources */ = {isa = PBXBuildFile; fileRef = 1C9DF7A72C6CE49B007DC4A4 /* ExtensionForVC.swift */; };
		1C9DF7CE2C6E922D007DC4A4 /* CategoryViewModel.swift in Sources */ = {isa = PBXBuildFile; fileRef = 1C9DF7CD2C6E922D007DC4A4 /* CategoryViewModel.swift */; };
		1CA6D3552C7679DC001A576E /* AnalyticsService.swift in Sources */ = {isa = PBXBuildFile; fileRef = 1CA6D3542C7679DC001A576E /* AnalyticsService.swift */; };
		1CB36D112C4455E400F2BCF0 /* TrackerCollectionViewCell.swift in Sources */ = {isa = PBXBuildFile; fileRef = 1CB36D102C4455E400F2BCF0 /* TrackerCollectionViewCell.swift */; };
		1CCCF3AB2C459D9B00F38C8B /* SupplementaryView.swift in Sources */ = {isa = PBXBuildFile; fileRef = 1CCCF3AA2C459D9B00F38C8B /* SupplementaryView.swift */; };
		1CCCF3AD2C45AF3B00F38C8B /* Weekdays.swift in Sources */ = {isa = PBXBuildFile; fileRef = 1CCCF3AC2C45AF3B00F38C8B /* Weekdays.swift */; };
		1CF200882C760B180017B258 /* TrackerTests.swift in Sources */ = {isa = PBXBuildFile; fileRef = 1CF200872C760B180017B258 /* TrackerTests.swift */; };
		1CF200902C760B500017B258 /* InlineSnapshotTesting in Frameworks */ = {isa = PBXBuildFile; productRef = 1CF2008F2C760B500017B258 /* InlineSnapshotTesting */; };
		1CF200922C760B500017B258 /* SnapshotTesting in Frameworks */ = {isa = PBXBuildFile; productRef = 1CF200912C760B500017B258 /* SnapshotTesting */; };
		2CC70CA51A1A51588386CB07 /* Pods_TrackerTests.framework in Frameworks */ = {isa = PBXBuildFile; fileRef = 6E6DC98FB35A15FF78500905 /* Pods_TrackerTests.framework */; };
		F31E1DB4CE1DFD6A7F10EE9C /* Pods_Tracker.framework in Frameworks */ = {isa = PBXBuildFile; fileRef = C51119C6EDAEA25478BE6B20 /* Pods_Tracker.framework */; };
/* End PBXBuildFile section */

/* Begin PBXContainerItemProxy section */
		1CF200892C760B180017B258 /* PBXContainerItemProxy */ = {
			isa = PBXContainerItemProxy;
			containerPortal = 1C5B65C72C347CC5002B4541 /* Project object */;
			proxyType = 1;
			remoteGlobalIDString = 1C5B65CE2C347CC5002B4541;
			remoteInfo = Tracker;
		};
/* End PBXContainerItemProxy section */

/* Begin PBXFileReference section */
		0E65C34A3D1BFF9CDC4ABAB5 /* Pods-TrackerTests.debug.xcconfig */ = {isa = PBXFileReference; includeInIndex = 1; lastKnownFileType = text.xcconfig; name = "Pods-TrackerTests.debug.xcconfig"; path = "Target Support Files/Pods-TrackerTests/Pods-TrackerTests.debug.xcconfig"; sourceTree = "<group>"; };
		1C01622F2C5B04FC00327ABB /* UIColorMarshalling.swift */ = {isa = PBXFileReference; lastKnownFileType = sourcecode.swift; path = UIColorMarshalling.swift; sourceTree = "<group>"; };
		1C0162312C5B0A2400327ABB /* ExtensionForArray.swift */ = {isa = PBXFileReference; lastKnownFileType = sourcecode.swift; path = ExtensionForArray.swift; sourceTree = "<group>"; };
		1C0162332C5B0C3A00327ABB /* ExtensionForString.swift */ = {isa = PBXFileReference; lastKnownFileType = sourcecode.swift; path = ExtensionForString.swift; sourceTree = "<group>"; };
		1C0FFFCB2C57F53200D62ACE /* CoreDataManager.swift */ = {isa = PBXFileReference; lastKnownFileType = sourcecode.swift; path = CoreDataManager.swift; sourceTree = "<group>"; };
		1C1621F32C59440E006590FC /* TrackerStore.swift */ = {isa = PBXFileReference; lastKnownFileType = sourcecode.swift; path = TrackerStore.swift; sourceTree = "<group>"; };
		1C1621F52C594422006590FC /* TrackerCategoryStore.swift */ = {isa = PBXFileReference; lastKnownFileType = sourcecode.swift; path = TrackerCategoryStore.swift; sourceTree = "<group>"; };
		1C1621F72C59442D006590FC /* TrackerRecordStore.swift */ = {isa = PBXFileReference; lastKnownFileType = sourcecode.swift; path = TrackerRecordStore.swift; sourceTree = "<group>"; };
		1C1C58F42C516E7100C4321F /* HabitAndEventViewController.swift */ = {isa = PBXFileReference; lastKnownFileType = sourcecode.swift; path = HabitAndEventViewController.swift; sourceTree = "<group>"; };
		1C1C58F62C516F3C00C4321F /* TrackerTypeSelectedViewController.swift */ = {isa = PBXFileReference; lastKnownFileType = sourcecode.swift; path = TrackerTypeSelectedViewController.swift; sourceTree = "<group>"; };
		1C1E29BA2C3BE4BB006FB28C /* Tracker.swift */ = {isa = PBXFileReference; lastKnownFileType = sourcecode.swift; path = Tracker.swift; sourceTree = "<group>"; };
		1C1E29BC2C3BE4EC006FB28C /* TrackerCategory.swift */ = {isa = PBXFileReference; lastKnownFileType = sourcecode.swift; path = TrackerCategory.swift; sourceTree = "<group>"; };
		1C1E29BE2C3C58A0006FB28C /* TrackerRecord.swift */ = {isa = PBXFileReference; lastKnownFileType = sourcecode.swift; path = TrackerRecord.swift; sourceTree = "<group>"; };
		1C33E26A2C6518F400C6F6C2 /* TrackerCoreData.xcdatamodel */ = {isa = PBXFileReference; lastKnownFileType = wrapper.xcdatamodel; path = TrackerCoreData.xcdatamodel; sourceTree = "<group>"; };
		1C4D46BA2C7531CF00905C81 /* en */ = {isa = PBXFileReference; lastKnownFileType = text.plist.strings; name = en; path = en.lproj/Localizable.strings; sourceTree = "<group>"; };
		1C4D46BC2C75321400905C81 /* ru */ = {isa = PBXFileReference; lastKnownFileType = text.plist.strings; name = ru; path = ru.lproj/LaunchScreen.strings; sourceTree = "<group>"; };
		1C4D46BD2C75321400905C81 /* ru */ = {isa = PBXFileReference; lastKnownFileType = text.plist.strings; name = ru; path = ru.lproj/Localizable.strings; sourceTree = "<group>"; };
		1C4D46BF2C75323C00905C81 /* en */ = {isa = PBXFileReference; lastKnownFileType = text.plist.stringsdict; name = en; path = en.lproj/Localizable.stringsdict; sourceTree = "<group>"; };
		1C4D46C12C75323F00905C81 /* ru */ = {isa = PBXFileReference; lastKnownFileType = text.plist.stringsdict; name = ru; path = ru.lproj/Localizable.stringsdict; sourceTree = "<group>"; };
		1C4FE9C62C74B73D0069E7B2 /* OnboardingPage.swift */ = {isa = PBXFileReference; lastKnownFileType = sourcecode.swift; path = OnboardingPage.swift; sourceTree = "<group>"; };
		1C4FE9C82C74BFA70069E7B2 /* FlagsAndSettings.swift */ = {isa = PBXFileReference; lastKnownFileType = sourcecode.swift; path = FlagsAndSettings.swift; sourceTree = "<group>"; };
		1C540DD52C527CBE005B3A83 /* HabitAndEventCollectionViewCell.swift */ = {isa = PBXFileReference; lastKnownFileType = sourcecode.swift; path = HabitAndEventCollectionViewCell.swift; sourceTree = "<group>"; };
		1C5592A52C4D9A3700B1C035 /* CategoryViewController.swift */ = {isa = PBXFileReference; lastKnownFileType = sourcecode.swift; path = CategoryViewController.swift; sourceTree = "<group>"; };
		1C5592AA2C4DA4F600B1C035 /* CreateCategoryViewController.swift */ = {isa = PBXFileReference; lastKnownFileType = sourcecode.swift; path = CreateCategoryViewController.swift; sourceTree = "<group>"; };
		1C5592AC2C4DA67500B1C035 /* CategoryTableViewCell.swift */ = {isa = PBXFileReference; lastKnownFileType = sourcecode.swift; path = CategoryTableViewCell.swift; sourceTree = "<group>"; };
		1C5592AE2C4DE52D00B1C035 /* WeekdaysViewController.swift */ = {isa = PBXFileReference; lastKnownFileType = sourcecode.swift; path = WeekdaysViewController.swift; sourceTree = "<group>"; };
		1C5592B02C4DE64A00B1C035 /* WeekdaysTableViewCell.swift */ = {isa = PBXFileReference; lastKnownFileType = sourcecode.swift; path = WeekdaysTableViewCell.swift; sourceTree = "<group>"; };
		1C5592B62C4EE76000B1C035 /* HabitAndEventTableViewСеll.swift */ = {isa = PBXFileReference; lastKnownFileType = sourcecode.swift; path = "HabitAndEventTableViewСеll.swift"; sourceTree = "<group>"; };
		1C5B65CF2C347CC5002B4541 /* Tracker.app */ = {isa = PBXFileReference; explicitFileType = wrapper.application; includeInIndex = 0; path = Tracker.app; sourceTree = BUILT_PRODUCTS_DIR; };
		1C5B65D22C347CC5002B4541 /* AppDelegate.swift */ = {isa = PBXFileReference; lastKnownFileType = sourcecode.swift; path = AppDelegate.swift; sourceTree = "<group>"; };
		1C5B65D42C347CC5002B4541 /* SceneDelegate.swift */ = {isa = PBXFileReference; lastKnownFileType = sourcecode.swift; path = SceneDelegate.swift; sourceTree = "<group>"; };
		1C5B65D62C347CC5002B4541 /* TrackerViewController.swift */ = {isa = PBXFileReference; lastKnownFileType = sourcecode.swift; path = TrackerViewController.swift; sourceTree = "<group>"; };
		1C5B65DB2C347CC7002B4541 /* Assets.xcassets */ = {isa = PBXFileReference; lastKnownFileType = folder.assetcatalog; path = Assets.xcassets; sourceTree = "<group>"; };
		1C5B65DE2C347CC7002B4541 /* Base */ = {isa = PBXFileReference; lastKnownFileType = file.storyboard; name = Base; path = Base.lproj/LaunchScreen.storyboard; sourceTree = "<group>"; };
		1C5B65E02C347CC7002B4541 /* Info.plist */ = {isa = PBXFileReference; lastKnownFileType = text.plist.xml; path = Info.plist; sourceTree = "<group>"; };
		1C5B65E62C359B58002B4541 /* TabBarViewController.swift */ = {isa = PBXFileReference; lastKnownFileType = sourcecode.swift; path = TabBarViewController.swift; sourceTree = "<group>"; };
		1C5B65E82C35AF7F002B4541 /* StatisticViewController.swift */ = {isa = PBXFileReference; lastKnownFileType = sourcecode.swift; path = StatisticViewController.swift; sourceTree = "<group>"; };
		1C9DF7A22C6CB81A007DC4A4 /* OnboardingViewController.swift */ = {isa = PBXFileReference; lastKnownFileType = sourcecode.swift; path = OnboardingViewController.swift; sourceTree = "<group>"; };
		1C9DF7A42C6CD12E007DC4A4 /* ViewControllerForOnboarding.swift */ = {isa = PBXFileReference; lastKnownFileType = sourcecode.swift; path = ViewControllerForOnboarding.swift; sourceTree = "<group>"; };
		1C9DF7A72C6CE49B007DC4A4 /* ExtensionForVC.swift */ = {isa = PBXFileReference; lastKnownFileType = sourcecode.swift; path = ExtensionForVC.swift; sourceTree = "<group>"; };
		1C9DF7CD2C6E922D007DC4A4 /* CategoryViewModel.swift */ = {isa = PBXFileReference; lastKnownFileType = sourcecode.swift; path = CategoryViewModel.swift; sourceTree = "<group>"; };
		1CA6D3542C7679DC001A576E /* AnalyticsService.swift */ = {isa = PBXFileReference; lastKnownFileType = sourcecode.swift; path = AnalyticsService.swift; sourceTree = "<group>"; };
		1CB36D102C4455E400F2BCF0 /* TrackerCollectionViewCell.swift */ = {isa = PBXFileReference; lastKnownFileType = sourcecode.swift; path = TrackerCollectionViewCell.swift; sourceTree = "<group>"; };
		1CCCF3AA2C459D9B00F38C8B /* SupplementaryView.swift */ = {isa = PBXFileReference; lastKnownFileType = sourcecode.swift; path = SupplementaryView.swift; sourceTree = "<group>"; };
		1CCCF3AC2C45AF3B00F38C8B /* Weekdays.swift */ = {isa = PBXFileReference; lastKnownFileType = sourcecode.swift; path = Weekdays.swift; sourceTree = "<group>"; };
		1CF200852C760B180017B258 /* TrackerTests.xctest */ = {isa = PBXFileReference; explicitFileType = wrapper.cfbundle; includeInIndex = 0; path = TrackerTests.xctest; sourceTree = BUILT_PRODUCTS_DIR; };
		1CF200872C760B180017B258 /* TrackerTests.swift */ = {isa = PBXFileReference; lastKnownFileType = sourcecode.swift; path = TrackerTests.swift; sourceTree = "<group>"; };
		30DC076612720F13C9B16E28 /* Pods-Tracker.release.xcconfig */ = {isa = PBXFileReference; includeInIndex = 1; lastKnownFileType = text.xcconfig; name = "Pods-Tracker.release.xcconfig"; path = "Target Support Files/Pods-Tracker/Pods-Tracker.release.xcconfig"; sourceTree = "<group>"; };
		52D2E7A96A0E8BB2A8D06CD9 /* Pods-Tracker.debug.xcconfig */ = {isa = PBXFileReference; includeInIndex = 1; lastKnownFileType = text.xcconfig; name = "Pods-Tracker.debug.xcconfig"; path = "Target Support Files/Pods-Tracker/Pods-Tracker.debug.xcconfig"; sourceTree = "<group>"; };
		6E6DC98FB35A15FF78500905 /* Pods_TrackerTests.framework */ = {isa = PBXFileReference; explicitFileType = wrapper.framework; includeInIndex = 0; path = Pods_TrackerTests.framework; sourceTree = BUILT_PRODUCTS_DIR; };
		B618548525827E11C3C2C0CB /* Pods-TrackerTests.release.xcconfig */ = {isa = PBXFileReference; includeInIndex = 1; lastKnownFileType = text.xcconfig; name = "Pods-TrackerTests.release.xcconfig"; path = "Target Support Files/Pods-TrackerTests/Pods-TrackerTests.release.xcconfig"; sourceTree = "<group>"; };
		C51119C6EDAEA25478BE6B20 /* Pods_Tracker.framework */ = {isa = PBXFileReference; explicitFileType = wrapper.framework; includeInIndex = 0; path = Pods_Tracker.framework; sourceTree = BUILT_PRODUCTS_DIR; };
/* End PBXFileReference section */

/* Begin PBXFrameworksBuildPhase section */
		1C5B65CC2C347CC5002B4541 /* Frameworks */ = {
			isa = PBXFrameworksBuildPhase;
			buildActionMask = 2147483647;
			files = (
				F31E1DB4CE1DFD6A7F10EE9C /* Pods_Tracker.framework in Frameworks */,
			);
			runOnlyForDeploymentPostprocessing = 0;
		};
		1CF200822C760B180017B258 /* Frameworks */ = {
			isa = PBXFrameworksBuildPhase;
			buildActionMask = 2147483647;
			files = (
				1CF200902C760B500017B258 /* InlineSnapshotTesting in Frameworks */,
				1CF200922C760B500017B258 /* SnapshotTesting in Frameworks */,
				2CC70CA51A1A51588386CB07 /* Pods_TrackerTests.framework in Frameworks */,
			);
			runOnlyForDeploymentPostprocessing = 0;
		};
/* End PBXFrameworksBuildPhase section */

/* Begin PBXGroup section */
		02FADB0CAF201F2B838939EF /* Pods */ = {
			isa = PBXGroup;
			children = (
				52D2E7A96A0E8BB2A8D06CD9 /* Pods-Tracker.debug.xcconfig */,
				30DC076612720F13C9B16E28 /* Pods-Tracker.release.xcconfig */,
				0E65C34A3D1BFF9CDC4ABAB5 /* Pods-TrackerTests.debug.xcconfig */,
				B618548525827E11C3C2C0CB /* Pods-TrackerTests.release.xcconfig */,
			);
			path = Pods;
			sourceTree = "<group>";
		};
		1C01622E2C5B04EE00327ABB /* Helpers */ = {
			isa = PBXGroup;
			children = (
				1CCCF3AC2C45AF3B00F38C8B /* Weekdays.swift */,
				1C01622F2C5B04FC00327ABB /* UIColorMarshalling.swift */,
				1C0162312C5B0A2400327ABB /* ExtensionForArray.swift */,
				1C0162332C5B0C3A00327ABB /* ExtensionForString.swift */,
				1C9DF7A72C6CE49B007DC4A4 /* ExtensionForVC.swift */,
				1C4FE9C62C74B73D0069E7B2 /* OnboardingPage.swift */,
				1C4FE9C82C74BFA70069E7B2 /* FlagsAndSettings.swift */,
			);
			path = Helpers;
			sourceTree = "<group>";
		};
		1C0FFFC42C57BD4C00D62ACE /* CoreData */ = {
			isa = PBXGroup;
			children = (
				1C33E26A2C6518F400C6F6C2 /* TrackerCoreData.xcdatamodel */,
				1C0FFFCB2C57F53200D62ACE /* CoreDataManager.swift */,
				1C1621F32C59440E006590FC /* TrackerStore.swift */,
				1C1621F52C594422006590FC /* TrackerCategoryStore.swift */,
				1C1621F72C59442D006590FC /* TrackerRecordStore.swift */,
			);
			path = CoreData;
			sourceTree = "<group>";
		};
		1C1C58F32C516E4700C4321F /* HabitAndEventVIewController */ = {
			isa = PBXGroup;
			children = (
				1C1C58F42C516E7100C4321F /* HabitAndEventViewController.swift */,
				1C5592B62C4EE76000B1C035 /* HabitAndEventTableViewСеll.swift */,
				1C540DD52C527CBE005B3A83 /* HabitAndEventCollectionViewCell.swift */,
			);
			path = HabitAndEventVIewController;
			sourceTree = "<group>";
		};
		1C4D46B82C7531B600905C81 /* Resources */ = {
			isa = PBXGroup;
			children = (
				1C4D46B92C7531CF00905C81 /* Localizable.strings */,
				1C4D46BE2C75323C00905C81 /* Localizable.stringsdict */,
			);
			path = Resources;
			sourceTree = "<group>";
		};
		1C55929B2C4BEC9F00B1C035 /* TrackerTypeSelectionViewController */ = {
			isa = PBXGroup;
			children = (
				1C1C58F62C516F3C00C4321F /* TrackerTypeSelectedViewController.swift */,
			);
			path = TrackerTypeSelectionViewController;
			sourceTree = "<group>";
		};
		1C5592A72C4D9A5C00B1C035 /* CategoryViewController */ = {
			isa = PBXGroup;
			children = (
				1C9DF7CC2C6E916D007DC4A4 /* ViewModel */,
				1C9DF7CB2C6E9156007DC4A4 /* View */,
			);
			path = CategoryViewController;
			sourceTree = "<group>";
		};
		1C5592A82C4D9A7F00B1C035 /* WeekdaysViewController */ = {
			isa = PBXGroup;
			children = (
				1C5592AE2C4DE52D00B1C035 /* WeekdaysViewController.swift */,
				1C5592B02C4DE64A00B1C035 /* WeekdaysTableViewCell.swift */,
			);
			path = WeekdaysViewController;
			sourceTree = "<group>";
		};
		1C5592A92C4DA4D500B1C035 /* CreateCategoryViewController */ = {
			isa = PBXGroup;
			children = (
				1C5592AA2C4DA4F600B1C035 /* CreateCategoryViewController.swift */,
			);
			path = CreateCategoryViewController;
			sourceTree = "<group>";
		};
		1C5B65C62C347CC5002B4541 = {
			isa = PBXGroup;
			children = (
				1C5B65D12C347CC5002B4541 /* Tracker */,
				1CF200862C760B180017B258 /* TrackerTests */,
				1C5B65D02C347CC5002B4541 /* Products */,
				02FADB0CAF201F2B838939EF /* Pods */,
				F358327269488C53F9FD5F38 /* Frameworks */,
			);
			sourceTree = "<group>";
		};
		1C5B65D02C347CC5002B4541 /* Products */ = {
			isa = PBXGroup;
			children = (
				1C5B65CF2C347CC5002B4541 /* Tracker.app */,
				1CF200852C760B180017B258 /* TrackerTests.xctest */,
			);
			name = Products;
			sourceTree = "<group>";
		};
		1C5B65D12C347CC5002B4541 /* Tracker */ = {
			isa = PBXGroup;
			children = (
				1C4D46B82C7531B600905C81 /* Resources */,
				1C01622E2C5B04EE00327ABB /* Helpers */,
				1C0FFFC42C57BD4C00D62ACE /* CoreData */,
				1C9DF7A62C6CD64E007DC4A4 /* Onboarding */,
				1C5B65EB2C35AFAC002B4541 /* TabBatController */,
				1C5B65EC2C35AFBF002B4541 /* TrackerViewController */,
				1C5B65EA2C35AF88002B4541 /* StatisticViewController */,
				1C55929B2C4BEC9F00B1C035 /* TrackerTypeSelectionViewController */,
				1C1C58F32C516E4700C4321F /* HabitAndEventVIewController */,
				1C5592A72C4D9A5C00B1C035 /* CategoryViewController */,
				1C5592A92C4DA4D500B1C035 /* CreateCategoryViewController */,
				1C5592A82C4D9A7F00B1C035 /* WeekdaysViewController */,
				1CB36D0F2C44559E00F2BCF0 /* Models */,
				1C5B65D22C347CC5002B4541 /* AppDelegate.swift */,
				1C5B65D42C347CC5002B4541 /* SceneDelegate.swift */,
				1C5B65DB2C347CC7002B4541 /* Assets.xcassets */,
				1C5B65DD2C347CC7002B4541 /* LaunchScreen.storyboard */,
				1C5B65E02C347CC7002B4541 /* Info.plist */,
			);
			path = Tracker;
			sourceTree = "<group>";
		};
		1C5B65EA2C35AF88002B4541 /* StatisticViewController */ = {
			isa = PBXGroup;
			children = (
				1C5B65E82C35AF7F002B4541 /* StatisticViewController.swift */,
			);
			path = StatisticViewController;
			sourceTree = "<group>";
		};
		1C5B65EB2C35AFAC002B4541 /* TabBatController */ = {
			isa = PBXGroup;
			children = (
				1C5B65E62C359B58002B4541 /* TabBarViewController.swift */,
			);
			path = TabBatController;
			sourceTree = "<group>";
		};
		1C5B65EC2C35AFBF002B4541 /* TrackerViewController */ = {
			isa = PBXGroup;
			children = (
				1C5B65D62C347CC5002B4541 /* TrackerViewController.swift */,
				1CB36D102C4455E400F2BCF0 /* TrackerCollectionViewCell.swift */,
				1CCCF3AA2C459D9B00F38C8B /* SupplementaryView.swift */,
			);
			path = TrackerViewController;
			sourceTree = "<group>";
		};
		1C9DF7A62C6CD64E007DC4A4 /* Onboarding */ = {
			isa = PBXGroup;
			children = (
				1C9DF7A22C6CB81A007DC4A4 /* OnboardingViewController.swift */,
				1C9DF7A42C6CD12E007DC4A4 /* ViewControllerForOnboarding.swift */,
			);
			path = Onboarding;
			sourceTree = "<group>";
		};
		1C9DF7CB2C6E9156007DC4A4 /* View */ = {
			isa = PBXGroup;
			children = (
				1C5592A52C4D9A3700B1C035 /* CategoryViewController.swift */,
				1C5592AC2C4DA67500B1C035 /* CategoryTableViewCell.swift */,
			);
			path = View;
			sourceTree = "<group>";
		};
		1C9DF7CC2C6E916D007DC4A4 /* ViewModel */ = {
			isa = PBXGroup;
			children = (
				1C9DF7CD2C6E922D007DC4A4 /* CategoryViewModel.swift */,
			);
			path = ViewModel;
			sourceTree = "<group>";
		};
		1CB36D0F2C44559E00F2BCF0 /* Models */ = {
			isa = PBXGroup;
			children = (
				1C1E29BE2C3C58A0006FB28C /* TrackerRecord.swift */,
				1C1E29BC2C3BE4EC006FB28C /* TrackerCategory.swift */,
				1C1E29BA2C3BE4BB006FB28C /* Tracker.swift */,
				1CA6D3542C7679DC001A576E /* AnalyticsService.swift */,
			);
			path = Models;
			sourceTree = "<group>";
		};
		1CF200862C760B180017B258 /* TrackerTests */ = {
			isa = PBXGroup;
			children = (
				1CF200872C760B180017B258 /* TrackerTests.swift */,
			);
			path = TrackerTests;
			sourceTree = "<group>";
		};
		F358327269488C53F9FD5F38 /* Frameworks */ = {
			isa = PBXGroup;
			children = (
				C51119C6EDAEA25478BE6B20 /* Pods_Tracker.framework */,
				6E6DC98FB35A15FF78500905 /* Pods_TrackerTests.framework */,
			);
			name = Frameworks;
			sourceTree = "<group>";
		};
/* End PBXGroup section */

/* Begin PBXNativeTarget section */
		1C5B65CE2C347CC5002B4541 /* Tracker */ = {
			isa = PBXNativeTarget;
			buildConfigurationList = 1C5B65E32C347CC7002B4541 /* Build configuration list for PBXNativeTarget "Tracker" */;
			buildPhases = (
				854366D8E3467F5AF66DA58A /* [CP] Check Pods Manifest.lock */,
				1C5B65CB2C347CC5002B4541 /* Sources */,
				1C5B65CC2C347CC5002B4541 /* Frameworks */,
				1C5B65CD2C347CC5002B4541 /* Resources */,
				F639F929D3CFD349340EB8AA /* [CP] Embed Pods Frameworks */,
			);
			buildRules = (
			);
			dependencies = (
			);
			name = Tracker;
			productName = Tracker;
			productReference = 1C5B65CF2C347CC5002B4541 /* Tracker.app */;
			productType = "com.apple.product-type.application";
		};
		1CF200842C760B180017B258 /* TrackerTests */ = {
			isa = PBXNativeTarget;
			buildConfigurationList = 1CF2008D2C760B180017B258 /* Build configuration list for PBXNativeTarget "TrackerTests" */;
			buildPhases = (
				241666C01EEBF646C5FCB5A7 /* [CP] Check Pods Manifest.lock */,
				1CF200812C760B180017B258 /* Sources */,
				1CF200822C760B180017B258 /* Frameworks */,
				1CF200832C760B180017B258 /* Resources */,
			);
			buildRules = (
			);
			dependencies = (
				1CF2008A2C760B180017B258 /* PBXTargetDependency */,
			);
			name = TrackerTests;
			packageProductDependencies = (
				1CF2008F2C760B500017B258 /* InlineSnapshotTesting */,
				1CF200912C760B500017B258 /* SnapshotTesting */,
			);
			productName = TrackerTests;
			productReference = 1CF200852C760B180017B258 /* TrackerTests.xctest */;
			productType = "com.apple.product-type.bundle.unit-test";
		};
/* End PBXNativeTarget section */

/* Begin PBXProject section */
		1C5B65C72C347CC5002B4541 /* Project object */ = {
			isa = PBXProject;
			attributes = {
				BuildIndependentTargetsInParallel = 1;
				LastSwiftUpdateCheck = 1540;
				LastUpgradeCheck = 1540;
				TargetAttributes = {
					1C5B65CE2C347CC5002B4541 = {
						CreatedOnToolsVersion = 15.4;
					};
					1CF200842C760B180017B258 = {
						CreatedOnToolsVersion = 15.4;
						TestTargetID = 1C5B65CE2C347CC5002B4541;
					};
				};
			};
			buildConfigurationList = 1C5B65CA2C347CC5002B4541 /* Build configuration list for PBXProject "Tracker" */;
			compatibilityVersion = "Xcode 13.0";
			developmentRegion = en;
			hasScannedForEncodings = 0;
			knownRegions = (
				en,
				Base,
				ru,
			);
			mainGroup = 1C5B65C62C347CC5002B4541;
			packageReferences = (
				1CF2008E2C760B500017B258 /* XCRemoteSwiftPackageReference "swift-snapshot-testing" */,
			);
			productRefGroup = 1C5B65D02C347CC5002B4541 /* Products */;
			projectDirPath = "";
			projectRoot = "";
			targets = (
				1C5B65CE2C347CC5002B4541 /* Tracker */,
				1CF200842C760B180017B258 /* TrackerTests */,
			);
		};
/* End PBXProject section */

/* Begin PBXResourcesBuildPhase section */
		1C5B65CD2C347CC5002B4541 /* Resources */ = {
			isa = PBXResourcesBuildPhase;
			buildActionMask = 2147483647;
			files = (
				1C5B65DC2C347CC7002B4541 /* Assets.xcassets in Resources */,
				1C4D46C02C75323C00905C81 /* Localizable.stringsdict in Resources */,
				1C4D46BB2C7531CF00905C81 /* Localizable.strings in Resources */,
				1C5B65DF2C347CC7002B4541 /* Base in Resources */,
			);
			runOnlyForDeploymentPostprocessing = 0;
		};
		1CF200832C760B180017B258 /* Resources */ = {
			isa = PBXResourcesBuildPhase;
			buildActionMask = 2147483647;
			files = (
			);
			runOnlyForDeploymentPostprocessing = 0;
		};
/* End PBXResourcesBuildPhase section */

/* Begin PBXShellScriptBuildPhase section */
		241666C01EEBF646C5FCB5A7 /* [CP] Check Pods Manifest.lock */ = {
			isa = PBXShellScriptBuildPhase;
			buildActionMask = 2147483647;
			files = (
			);
			inputFileListPaths = (
			);
			inputPaths = (
				"${PODS_PODFILE_DIR_PATH}/Podfile.lock",
				"${PODS_ROOT}/Manifest.lock",
			);
			name = "[CP] Check Pods Manifest.lock";
			outputFileListPaths = (
			);
			outputPaths = (
				"$(DERIVED_FILE_DIR)/Pods-TrackerTests-checkManifestLockResult.txt",
			);
			runOnlyForDeploymentPostprocessing = 0;
			shellPath = /bin/sh;
			shellScript = "diff \"${PODS_PODFILE_DIR_PATH}/Podfile.lock\" \"${PODS_ROOT}/Manifest.lock\" > /dev/null\nif [ $? != 0 ] ; then\n    # print error to STDERR\n    echo \"error: The sandbox is not in sync with the Podfile.lock. Run 'pod install' or update your CocoaPods installation.\" >&2\n    exit 1\nfi\n# This output is used by Xcode 'outputs' to avoid re-running this script phase.\necho \"SUCCESS\" > \"${SCRIPT_OUTPUT_FILE_0}\"\n";
			showEnvVarsInLog = 0;
		};
		854366D8E3467F5AF66DA58A /* [CP] Check Pods Manifest.lock */ = {
			isa = PBXShellScriptBuildPhase;
			buildActionMask = 2147483647;
			files = (
			);
			inputFileListPaths = (
			);
			inputPaths = (
				"${PODS_PODFILE_DIR_PATH}/Podfile.lock",
				"${PODS_ROOT}/Manifest.lock",
			);
			name = "[CP] Check Pods Manifest.lock";
			outputFileListPaths = (
			);
			outputPaths = (
				"$(DERIVED_FILE_DIR)/Pods-Tracker-checkManifestLockResult.txt",
			);
			runOnlyForDeploymentPostprocessing = 0;
			shellPath = /bin/sh;
			shellScript = "diff \"${PODS_PODFILE_DIR_PATH}/Podfile.lock\" \"${PODS_ROOT}/Manifest.lock\" > /dev/null\nif [ $? != 0 ] ; then\n    # print error to STDERR\n    echo \"error: The sandbox is not in sync with the Podfile.lock. Run 'pod install' or update your CocoaPods installation.\" >&2\n    exit 1\nfi\n# This output is used by Xcode 'outputs' to avoid re-running this script phase.\necho \"SUCCESS\" > \"${SCRIPT_OUTPUT_FILE_0}\"\n";
			showEnvVarsInLog = 0;
		};
		F639F929D3CFD349340EB8AA /* [CP] Embed Pods Frameworks */ = {
			isa = PBXShellScriptBuildPhase;
			buildActionMask = 2147483647;
			files = (
			);
			inputFileListPaths = (
				"${PODS_ROOT}/Target Support Files/Pods-Tracker/Pods-Tracker-frameworks-${CONFIGURATION}-input-files.xcfilelist",
			);
			name = "[CP] Embed Pods Frameworks";
			outputFileListPaths = (
				"${PODS_ROOT}/Target Support Files/Pods-Tracker/Pods-Tracker-frameworks-${CONFIGURATION}-output-files.xcfilelist",
			);
			runOnlyForDeploymentPostprocessing = 0;
			shellPath = /bin/sh;
			shellScript = "\"${PODS_ROOT}/Target Support Files/Pods-Tracker/Pods-Tracker-frameworks.sh\"\n";
			showEnvVarsInLog = 0;
		};
/* End PBXShellScriptBuildPhase section */

/* Begin PBXSourcesBuildPhase section */
		1C5B65CB2C347CC5002B4541 /* Sources */ = {
			isa = PBXSourcesBuildPhase;
			buildActionMask = 2147483647;
			files = (
				1C9DF7A82C6CE49B007DC4A4 /* ExtensionForVC.swift in Sources */,
				1C1E29BB2C3BE4BB006FB28C /* Tracker.swift in Sources */,
				1C5592B12C4DE64A00B1C035 /* WeekdaysTableViewCell.swift in Sources */,
				1C0162342C5B0C3A00327ABB /* ExtensionForString.swift in Sources */,
				1C1621F42C59440E006590FC /* TrackerStore.swift in Sources */,
				1C4FE9C72C74B73D0069E7B2 /* OnboardingPage.swift in Sources */,
				1C1E29BF2C3C58A0006FB28C /* TrackerRecord.swift in Sources */,
				1C5592AF2C4DE52D00B1C035 /* WeekdaysViewController.swift in Sources */,
				1C0162302C5B04FC00327ABB /* UIColorMarshalling.swift in Sources */,
				1C5B65E72C359B58002B4541 /* TabBarViewController.swift in Sources */,
				1C5592A62C4D9A3700B1C035 /* CategoryViewController.swift in Sources */,
				1C5B65D72C347CC5002B4541 /* TrackerViewController.swift in Sources */,
				1C1C58F72C516F3C00C4321F /* TrackerTypeSelectedViewController.swift in Sources */,
				1CB36D112C4455E400F2BCF0 /* TrackerCollectionViewCell.swift in Sources */,
				1C0FFFCC2C57F53200D62ACE /* CoreDataManager.swift in Sources */,
				1CCCF3AB2C459D9B00F38C8B /* SupplementaryView.swift in Sources */,
				1C1C58F52C516E7100C4321F /* HabitAndEventViewController.swift in Sources */,
				1C5B65D32C347CC5002B4541 /* AppDelegate.swift in Sources */,
				1C540DD62C527CBF005B3A83 /* HabitAndEventCollectionViewCell.swift in Sources */,
				1C5592AB2C4DA4F600B1C035 /* CreateCategoryViewController.swift in Sources */,
				1C5592B72C4EE76000B1C035 /* HabitAndEventTableViewСеll.swift in Sources */,
				1C5B65E92C35AF7F002B4541 /* StatisticViewController.swift in Sources */,
				1CCCF3AD2C45AF3B00F38C8B /* Weekdays.swift in Sources */,
				1C9DF7A32C6CB81A007DC4A4 /* OnboardingViewController.swift in Sources */,
				1C1621F82C59442D006590FC /* TrackerRecordStore.swift in Sources */,
				1C1621F62C594422006590FC /* TrackerCategoryStore.swift in Sources */,
				1CA6D3552C7679DC001A576E /* AnalyticsService.swift in Sources */,
				1C4FE9C92C74BFA70069E7B2 /* FlagsAndSettings.swift in Sources */,
				1C5B65D52C347CC5002B4541 /* SceneDelegate.swift in Sources */,
				1C9DF7A52C6CD12E007DC4A4 /* ViewControllerForOnboarding.swift in Sources */,
				1C1E29BD2C3BE4EC006FB28C /* TrackerCategory.swift in Sources */,
				1C9DF7CE2C6E922D007DC4A4 /* CategoryViewModel.swift in Sources */,
				1C5592AD2C4DA67500B1C035 /* CategoryTableViewCell.swift in Sources */,
				1C33E26B2C6518F400C6F6C2 /* TrackerCoreData.xcdatamodel in Sources */,
				1C0162322C5B0A2400327ABB /* ExtensionForArray.swift in Sources */,
			);
			runOnlyForDeploymentPostprocessing = 0;
		};
		1CF200812C760B180017B258 /* Sources */ = {
			isa = PBXSourcesBuildPhase;
			buildActionMask = 2147483647;
			files = (
				1CF200882C760B180017B258 /* TrackerTests.swift in Sources */,
			);
			runOnlyForDeploymentPostprocessing = 0;
		};
/* End PBXSourcesBuildPhase section */

/* Begin PBXTargetDependency section */
		1CF2008A2C760B180017B258 /* PBXTargetDependency */ = {
			isa = PBXTargetDependency;
			target = 1C5B65CE2C347CC5002B4541 /* Tracker */;
			targetProxy = 1CF200892C760B180017B258 /* PBXContainerItemProxy */;
		};
/* End PBXTargetDependency section */

/* Begin PBXVariantGroup section */
		1C4D46B92C7531CF00905C81 /* Localizable.strings */ = {
			isa = PBXVariantGroup;
			children = (
				1C4D46BA2C7531CF00905C81 /* en */,
				1C4D46BD2C75321400905C81 /* ru */,
			);
			name = Localizable.strings;
			sourceTree = "<group>";
		};
		1C4D46BE2C75323C00905C81 /* Localizable.stringsdict */ = {
			isa = PBXVariantGroup;
			children = (
				1C4D46BF2C75323C00905C81 /* en */,
				1C4D46C12C75323F00905C81 /* ru */,
			);
			name = Localizable.stringsdict;
			sourceTree = "<group>";
		};
		1C5B65DD2C347CC7002B4541 /* LaunchScreen.storyboard */ = {
			isa = PBXVariantGroup;
			children = (
				1C5B65DE2C347CC7002B4541 /* Base */,
				1C4D46BC2C75321400905C81 /* ru */,
			);
			name = LaunchScreen.storyboard;
			sourceTree = "<group>";
		};
/* End PBXVariantGroup section */

/* Begin XCBuildConfiguration section */
		1C5B65E12C347CC7002B4541 /* Debug */ = {
			isa = XCBuildConfiguration;
			buildSettings = {
				ALWAYS_SEARCH_USER_PATHS = NO;
				ASSETCATALOG_COMPILER_GENERATE_SWIFT_ASSET_SYMBOL_EXTENSIONS = YES;
				CLANG_ANALYZER_LOCALIZABILITY_NONLOCALIZED = YES;
				CLANG_ANALYZER_NONNULL = YES;
				CLANG_ANALYZER_NUMBER_OBJECT_CONVERSION = YES_AGGRESSIVE;
				CLANG_CXX_LANGUAGE_STANDARD = "gnu++20";
				CLANG_ENABLE_MODULES = YES;
				CLANG_ENABLE_OBJC_ARC = YES;
				CLANG_ENABLE_OBJC_WEAK = YES;
				CLANG_WARN_BLOCK_CAPTURE_AUTORELEASING = YES;
				CLANG_WARN_BOOL_CONVERSION = YES;
				CLANG_WARN_COMMA = YES;
				CLANG_WARN_CONSTANT_CONVERSION = YES;
				CLANG_WARN_DEPRECATED_OBJC_IMPLEMENTATIONS = YES;
				CLANG_WARN_DIRECT_OBJC_ISA_USAGE = YES_ERROR;
				CLANG_WARN_DOCUMENTATION_COMMENTS = YES;
				CLANG_WARN_EMPTY_BODY = YES;
				CLANG_WARN_ENUM_CONVERSION = YES;
				CLANG_WARN_INFINITE_RECURSION = YES;
				CLANG_WARN_INT_CONVERSION = YES;
				CLANG_WARN_NON_LITERAL_NULL_CONVERSION = YES;
				CLANG_WARN_OBJC_IMPLICIT_RETAIN_SELF = YES;
				CLANG_WARN_OBJC_LITERAL_CONVERSION = YES;
				CLANG_WARN_OBJC_ROOT_CLASS = YES_ERROR;
				CLANG_WARN_QUOTED_INCLUDE_IN_FRAMEWORK_HEADER = YES;
				CLANG_WARN_RANGE_LOOP_ANALYSIS = YES;
				CLANG_WARN_STRICT_PROTOTYPES = YES;
				CLANG_WARN_SUSPICIOUS_MOVE = YES;
				CLANG_WARN_UNGUARDED_AVAILABILITY = YES_AGGRESSIVE;
				CLANG_WARN_UNREACHABLE_CODE = YES;
				CLANG_WARN__DUPLICATE_METHOD_MATCH = YES;
				COPY_PHASE_STRIP = NO;
				DEBUG_INFORMATION_FORMAT = dwarf;
				ENABLE_STRICT_OBJC_MSGSEND = YES;
				ENABLE_TESTABILITY = YES;
				ENABLE_USER_SCRIPT_SANDBOXING = NO;
				GCC_C_LANGUAGE_STANDARD = gnu17;
				GCC_DYNAMIC_NO_PIC = NO;
				GCC_NO_COMMON_BLOCKS = YES;
				GCC_OPTIMIZATION_LEVEL = 0;
				GCC_PREPROCESSOR_DEFINITIONS = (
					"DEBUG=1",
					"$(inherited)",
				);
				GCC_WARN_64_TO_32_BIT_CONVERSION = YES;
				GCC_WARN_ABOUT_RETURN_TYPE = YES_ERROR;
				GCC_WARN_UNDECLARED_SELECTOR = YES;
				GCC_WARN_UNINITIALIZED_AUTOS = YES_AGGRESSIVE;
				GCC_WARN_UNUSED_FUNCTION = YES;
				GCC_WARN_UNUSED_VARIABLE = YES;
				IPHONEOS_DEPLOYMENT_TARGET = 13.4;
				LOCALIZATION_PREFERS_STRING_CATALOGS = YES;
				MTL_ENABLE_DEBUG_INFO = INCLUDE_SOURCE;
				MTL_FAST_MATH = YES;
				ONLY_ACTIVE_ARCH = YES;
				SDKROOT = iphoneos;
				SWIFT_ACTIVE_COMPILATION_CONDITIONS = "DEBUG $(inherited)";
				SWIFT_OPTIMIZATION_LEVEL = "-Onone";
			};
			name = Debug;
		};
		1C5B65E22C347CC7002B4541 /* Release */ = {
			isa = XCBuildConfiguration;
			buildSettings = {
				ALWAYS_SEARCH_USER_PATHS = NO;
				ASSETCATALOG_COMPILER_GENERATE_SWIFT_ASSET_SYMBOL_EXTENSIONS = YES;
				CLANG_ANALYZER_LOCALIZABILITY_NONLOCALIZED = YES;
				CLANG_ANALYZER_NONNULL = YES;
				CLANG_ANALYZER_NUMBER_OBJECT_CONVERSION = YES_AGGRESSIVE;
				CLANG_CXX_LANGUAGE_STANDARD = "gnu++20";
				CLANG_ENABLE_MODULES = YES;
				CLANG_ENABLE_OBJC_ARC = YES;
				CLANG_ENABLE_OBJC_WEAK = YES;
				CLANG_WARN_BLOCK_CAPTURE_AUTORELEASING = YES;
				CLANG_WARN_BOOL_CONVERSION = YES;
				CLANG_WARN_COMMA = YES;
				CLANG_WARN_CONSTANT_CONVERSION = YES;
				CLANG_WARN_DEPRECATED_OBJC_IMPLEMENTATIONS = YES;
				CLANG_WARN_DIRECT_OBJC_ISA_USAGE = YES_ERROR;
				CLANG_WARN_DOCUMENTATION_COMMENTS = YES;
				CLANG_WARN_EMPTY_BODY = YES;
				CLANG_WARN_ENUM_CONVERSION = YES;
				CLANG_WARN_INFINITE_RECURSION = YES;
				CLANG_WARN_INT_CONVERSION = YES;
				CLANG_WARN_NON_LITERAL_NULL_CONVERSION = YES;
				CLANG_WARN_OBJC_IMPLICIT_RETAIN_SELF = YES;
				CLANG_WARN_OBJC_LITERAL_CONVERSION = YES;
				CLANG_WARN_OBJC_ROOT_CLASS = YES_ERROR;
				CLANG_WARN_QUOTED_INCLUDE_IN_FRAMEWORK_HEADER = YES;
				CLANG_WARN_RANGE_LOOP_ANALYSIS = YES;
				CLANG_WARN_STRICT_PROTOTYPES = YES;
				CLANG_WARN_SUSPICIOUS_MOVE = YES;
				CLANG_WARN_UNGUARDED_AVAILABILITY = YES_AGGRESSIVE;
				CLANG_WARN_UNREACHABLE_CODE = YES;
				CLANG_WARN__DUPLICATE_METHOD_MATCH = YES;
				COPY_PHASE_STRIP = NO;
				DEBUG_INFORMATION_FORMAT = "dwarf-with-dsym";
				ENABLE_NS_ASSERTIONS = NO;
				ENABLE_STRICT_OBJC_MSGSEND = YES;
				ENABLE_USER_SCRIPT_SANDBOXING = NO;
				GCC_C_LANGUAGE_STANDARD = gnu17;
				GCC_NO_COMMON_BLOCKS = YES;
				GCC_WARN_64_TO_32_BIT_CONVERSION = YES;
				GCC_WARN_ABOUT_RETURN_TYPE = YES_ERROR;
				GCC_WARN_UNDECLARED_SELECTOR = YES;
				GCC_WARN_UNINITIALIZED_AUTOS = YES_AGGRESSIVE;
				GCC_WARN_UNUSED_FUNCTION = YES;
				GCC_WARN_UNUSED_VARIABLE = YES;
				IPHONEOS_DEPLOYMENT_TARGET = 13.4;
				LOCALIZATION_PREFERS_STRING_CATALOGS = YES;
				MTL_ENABLE_DEBUG_INFO = NO;
				MTL_FAST_MATH = YES;
				SDKROOT = iphoneos;
				SWIFT_COMPILATION_MODE = wholemodule;
				VALIDATE_PRODUCT = YES;
			};
			name = Release;
		};
		1C5B65E42C347CC7002B4541 /* Debug */ = {
			isa = XCBuildConfiguration;
			baseConfigurationReference = 52D2E7A96A0E8BB2A8D06CD9 /* Pods-Tracker.debug.xcconfig */;
			buildSettings = {
				ASSETCATALOG_COMPILER_APPICON_NAME = AppIcon;
				ASSETCATALOG_COMPILER_GLOBAL_ACCENT_COLOR_NAME = AccentColor;
				CODE_SIGN_STYLE = Automatic;
				CURRENT_PROJECT_VERSION = 1;
				DEVELOPMENT_TEAM = J472M75R54;
				GENERATE_INFOPLIST_FILE = YES;
				INFOPLIST_FILE = Tracker/Info.plist;
				INFOPLIST_KEY_UIApplicationSupportsIndirectInputEvents = YES;
				INFOPLIST_KEY_UILaunchStoryboardName = LaunchScreen;
				INFOPLIST_KEY_UIStatusBarStyle = "";
				INFOPLIST_KEY_UISupportedInterfaceOrientations = UIInterfaceOrientationPortrait;
				INFOPLIST_KEY_UISupportedInterfaceOrientations_iPad = UIInterfaceOrientationPortrait;
				IPHONEOS_DEPLOYMENT_TARGET = 13.4;
				LD_RUNPATH_SEARCH_PATHS = (
					"$(inherited)",
					"@executable_path/Frameworks",
				);
				MARKETING_VERSION = 1.0;
				PRODUCT_BUNDLE_IDENTIFIER = AlfaBotan.Tracker;
				PRODUCT_NAME = "$(TARGET_NAME)";
				SUPPORTED_PLATFORMS = "iphoneos iphonesimulator";
				SUPPORTS_MACCATALYST = NO;
				SWIFT_EMIT_LOC_STRINGS = YES;
				SWIFT_VERSION = 5.0;
				TARGETED_DEVICE_FAMILY = 1;
			};
			name = Debug;
		};
		1C5B65E52C347CC7002B4541 /* Release */ = {
			isa = XCBuildConfiguration;
			baseConfigurationReference = 30DC076612720F13C9B16E28 /* Pods-Tracker.release.xcconfig */;
			buildSettings = {
				ASSETCATALOG_COMPILER_APPICON_NAME = AppIcon;
				ASSETCATALOG_COMPILER_GLOBAL_ACCENT_COLOR_NAME = AccentColor;
				CODE_SIGN_STYLE = Automatic;
				CURRENT_PROJECT_VERSION = 1;
				DEVELOPMENT_TEAM = J472M75R54;
				GENERATE_INFOPLIST_FILE = YES;
				INFOPLIST_FILE = Tracker/Info.plist;
				INFOPLIST_KEY_UIApplicationSupportsIndirectInputEvents = YES;
				INFOPLIST_KEY_UILaunchStoryboardName = LaunchScreen;
				INFOPLIST_KEY_UIStatusBarStyle = "";
				INFOPLIST_KEY_UISupportedInterfaceOrientations = UIInterfaceOrientationPortrait;
				INFOPLIST_KEY_UISupportedInterfaceOrientations_iPad = UIInterfaceOrientationPortrait;
				IPHONEOS_DEPLOYMENT_TARGET = 13.4;
				LD_RUNPATH_SEARCH_PATHS = (
					"$(inherited)",
					"@executable_path/Frameworks",
				);
				MARKETING_VERSION = 1.0;
				PRODUCT_BUNDLE_IDENTIFIER = AlfaBotan.Tracker;
				PRODUCT_NAME = "$(TARGET_NAME)";
				SUPPORTED_PLATFORMS = "iphoneos iphonesimulator";
				SUPPORTS_MACCATALYST = NO;
				SWIFT_EMIT_LOC_STRINGS = YES;
				SWIFT_VERSION = 5.0;
				TARGETED_DEVICE_FAMILY = 1;
			};
			name = Release;
		};
		1CF2008B2C760B180017B258 /* Debug */ = {
			isa = XCBuildConfiguration;
			baseConfigurationReference = 0E65C34A3D1BFF9CDC4ABAB5 /* Pods-TrackerTests.debug.xcconfig */;
			buildSettings = {
				BUNDLE_LOADER = "$(TEST_HOST)";
				CODE_SIGN_STYLE = Automatic;
				CURRENT_PROJECT_VERSION = 1;
				DEVELOPMENT_TEAM = J472M75R54;
				GENERATE_INFOPLIST_FILE = YES;
				IPHONEOS_DEPLOYMENT_TARGET = 17.5;
				MARKETING_VERSION = 1.0;
				PRODUCT_BUNDLE_IDENTIFIER = AlfaBotan.TrackerTests;
				PRODUCT_NAME = "$(TARGET_NAME)";
				SWIFT_EMIT_LOC_STRINGS = NO;
				SWIFT_VERSION = 5.0;
				TARGETED_DEVICE_FAMILY = "1,2";
				TEST_HOST = "$(BUILT_PRODUCTS_DIR)/Tracker.app/$(BUNDLE_EXECUTABLE_FOLDER_PATH)/Tracker";
			};
			name = Debug;
		};
		1CF2008C2C760B180017B258 /* Release */ = {
			isa = XCBuildConfiguration;
			baseConfigurationReference = B618548525827E11C3C2C0CB /* Pods-TrackerTests.release.xcconfig */;
			buildSettings = {
				BUNDLE_LOADER = "$(TEST_HOST)";
				CODE_SIGN_STYLE = Automatic;
				CURRENT_PROJECT_VERSION = 1;
				DEVELOPMENT_TEAM = J472M75R54;
				GENERATE_INFOPLIST_FILE = YES;
				IPHONEOS_DEPLOYMENT_TARGET = 17.5;
				MARKETING_VERSION = 1.0;
				PRODUCT_BUNDLE_IDENTIFIER = AlfaBotan.TrackerTests;
				PRODUCT_NAME = "$(TARGET_NAME)";
				SWIFT_EMIT_LOC_STRINGS = NO;
				SWIFT_VERSION = 5.0;
				TARGETED_DEVICE_FAMILY = "1,2";
				TEST_HOST = "$(BUILT_PRODUCTS_DIR)/Tracker.app/$(BUNDLE_EXECUTABLE_FOLDER_PATH)/Tracker";
			};
			name = Release;
		};
/* End XCBuildConfiguration section */

/* Begin XCConfigurationList section */
		1C5B65CA2C347CC5002B4541 /* Build configuration list for PBXProject "Tracker" */ = {
			isa = XCConfigurationList;
			buildConfigurations = (
				1C5B65E12C347CC7002B4541 /* Debug */,
				1C5B65E22C347CC7002B4541 /* Release */,
			);
			defaultConfigurationIsVisible = 0;
			defaultConfigurationName = Release;
		};
		1C5B65E32C347CC7002B4541 /* Build configuration list for PBXNativeTarget "Tracker" */ = {
			isa = XCConfigurationList;
			buildConfigurations = (
				1C5B65E42C347CC7002B4541 /* Debug */,
				1C5B65E52C347CC7002B4541 /* Release */,
			);
			defaultConfigurationIsVisible = 0;
			defaultConfigurationName = Release;
		};
		1CF2008D2C760B180017B258 /* Build configuration list for PBXNativeTarget "TrackerTests" */ = {
			isa = XCConfigurationList;
			buildConfigurations = (
				1CF2008B2C760B180017B258 /* Debug */,
				1CF2008C2C760B180017B258 /* Release */,
			);
			defaultConfigurationIsVisible = 0;
			defaultConfigurationName = Release;
		};
/* End XCConfigurationList section */

/* Begin XCRemoteSwiftPackageReference section */
		1CF2008E2C760B500017B258 /* XCRemoteSwiftPackageReference "swift-snapshot-testing" */ = {
			isa = XCRemoteSwiftPackageReference;
			repositoryURL = "https://github.com/pointfreeco/swift-snapshot-testing";
			requirement = {
				kind = exactVersion;
				version = 1.17.4;
			};
		};
/* End XCRemoteSwiftPackageReference section */

/* Begin XCSwiftPackageProductDependency section */
		1CF2008F2C760B500017B258 /* InlineSnapshotTesting */ = {
			isa = XCSwiftPackageProductDependency;
			package = 1CF2008E2C760B500017B258 /* XCRemoteSwiftPackageReference "swift-snapshot-testing" */;
			productName = InlineSnapshotTesting;
		};
		1CF200912C760B500017B258 /* SnapshotTesting */ = {
			isa = XCSwiftPackageProductDependency;
			package = 1CF2008E2C760B500017B258 /* XCRemoteSwiftPackageReference "swift-snapshot-testing" */;
			productName = SnapshotTesting;
		};
/* End XCSwiftPackageProductDependency section */
	};
	rootObject = 1C5B65C72C347CC5002B4541 /* Project object */;
}
